
Microsoft Visual Studio Solution File, Format Version 12.00
# Visual Studio Version 17
VisualStudioVersion = 17.2.32602.215
MinimumVisualStudioVersion = 10.0.40219.1
Project("{FAE04EC0-301F-11D3-BF4B-00C04F79EFBC}") = "SoccerProject.Android", "SoccerProject\SoccerProject.Android\SoccerProject.Android.csproj", "{80E50408-4F2C-45FB-B9FC-428B77B5B7FE}"
EndProject
Project("{FAE04EC0-301F-11D3-BF4B-00C04F79EFBC}") = "SoccerProject.iOS", "SoccerProject\SoccerProject.iOS\SoccerProject.iOS.csproj", "{CAA7FDB6-0E92-406F-9EBD-37BC97050EDB}"
EndProject
Project("{9A19103F-16F7-4668-BE54-9A1E7A4F7556}") = "SoccerProject", "SoccerProject\SoccerProject\SoccerProject.csproj", "{E1B1DB36-EF1C-41D8-9865-2998D85ADF2D}"
EndProject
Project("{2150E333-8FDC-42A3-9474-1A3956D46DE8}") = "Solution Items", "Solution Items", "{4877882A-39AC-43CB-8D65-8885D4494143}"
EndProject
Global
	GlobalSection(SolutionConfigurationPlatforms) = preSolution
		Debug|Any CPU = Debug|Any CPU
		Debug|iPhone = Debug|iPhone
		Debug|iPhoneSimulator = Debug|iPhoneSimulator
		Release|Any CPU = Release|Any CPU
		Release|iPhone = Release|iPhone
		Release|iPhoneSimulator = Release|iPhoneSimulator
	EndGlobalSection
	GlobalSection(ProjectConfigurationPlatforms) = postSolution
		{80E50408-4F2C-45FB-B9FC-428B77B5B7FE}.Debug|Any CPU.ActiveCfg = Debug|Any CPU
		{80E50408-4F2C-45FB-B9FC-428B77B5B7FE}.Debug|Any CPU.Build.0 = Debug|Any CPU
		{80E50408-4F2C-45FB-B9FC-428B77B5B7FE}.Debug|Any CPU.Deploy.0 = Debug|Any CPU
		{80E50408-4F2C-45FB-B9FC-428B77B5B7FE}.Debug|iPhone.ActiveCfg = Debug|Any CPU
		{80E50408-4F2C-45FB-B9FC-428B77B5B7FE}.Debug|iPhone.Build.0 = Debug|Any CPU
		{80E50408-4F2C-45FB-B9FC-428B77B5B7FE}.Debug|iPhone.Deploy.0 = Debug|Any CPU
		{80E50408-4F2C-45FB-B9FC-428B77B5B7FE}.Debug|iPhoneSimulator.ActiveCfg = Debug|Any CPU
		{80E50408-4F2C-45FB-B9FC-428B77B5B7FE}.Debug|iPhoneSimulator.Build.0 = Debug|Any CPU
		{80E50408-4F2C-45FB-B9FC-428B77B5B7FE}.Debug|iPhoneSimulator.Deploy.0 = Debug|Any CPU
		{80E50408-4F2C-45FB-B9FC-428B77B5B7FE}.Release|Any CPU.ActiveCfg = Release|Any CPU
		{80E50408-4F2C-45FB-B9FC-428B77B5B7FE}.Release|Any CPU.Build.0 = Release|Any CPU
		{80E50408-4F2C-45FB-B9FC-428B77B5B7FE}.Release|Any CPU.Deploy.0 = Release|Any CPU
		{80E50408-4F2C-45FB-B9FC-428B77B5B7FE}.Release|iPhone.ActiveCfg = Release|Any CPU
		{80E50408-4F2C-45FB-B9FC-428B77B5B7FE}.Release|iPhone.Build.0 = Release|Any CPU
		{80E50408-4F2C-45FB-B9FC-428B77B5B7FE}.Release|iPhone.Deploy.0 = Release|Any CPU
		{80E50408-4F2C-45FB-B9FC-428B77B5B7FE}.Release|iPhoneSimulator.ActiveCfg = Release|Any CPU
		{80E50408-4F2C-45FB-B9FC-428B77B5B7FE}.Release|iPhoneSimulator.Build.0 = Release|Any CPU
		{80E50408-4F2C-45FB-B9FC-428B77B5B7FE}.Release|iPhoneSimulator.Deploy.0 = Release|Any CPU
		{CAA7FDB6-0E92-406F-9EBD-37BC97050EDB}.Debug|Any CPU.ActiveCfg = Debug|iPhone
		{CAA7FDB6-0E92-406F-9EBD-37BC97050EDB}.Debug|Any CPU.Build.0 = Debug|iPhone
		{CAA7FDB6-0E92-406F-9EBD-37BC97050EDB}.Debug|Any CPU.Deploy.0 = Debug|iPhone
		{CAA7FDB6-0E92-406F-9EBD-37BC97050EDB}.Debug|iPhone.ActiveCfg = Debug|iPhone
		{CAA7FDB6-0E92-406F-9EBD-37BC97050EDB}.Debug|iPhone.Build.0 = Debug|iPhone
		{CAA7FDB6-0E92-406F-9EBD-37BC97050EDB}.Debug|iPhone.Deploy.0 = Debug|iPhone
		{CAA7FDB6-0E92-406F-9EBD-37BC97050EDB}.Debug|iPhoneSimulator.ActiveCfg = Debug|iPhoneSimulator
		{CAA7FDB6-0E92-406F-9EBD-37BC97050EDB}.Debug|iPhoneSimulator.Build.0 = Debug|iPhoneSimulator
		{CAA7FDB6-0E92-406F-9EBD-37BC97050EDB}.Debug|iPhoneSimulator.Deploy.0 = Debug|iPhoneSimulator
		{CAA7FDB6-0E92-406F-9EBD-37BC97050EDB}.Release|Any CPU.ActiveCfg = Release|iPhoneSimulator
		{CAA7FDB6-0E92-406F-9EBD-37BC97050EDB}.Release|Any CPU.Build.0 = Release|iPhoneSimulator
		{CAA7FDB6-0E92-406F-9EBD-37BC97050EDB}.Release|Any CPU.Deploy.0 = Release|iPhoneSimulator
		{CAA7FDB6-0E92-406F-9EBD-37BC97050EDB}.Release|iPhone.ActiveCfg = Release|iPhone
		{CAA7FDB6-0E92-406F-9EBD-37BC97050EDB}.Release|iPhone.Build.0 = Release|iPhone
		{CAA7FDB6-0E92-406F-9EBD-37BC97050EDB}.Release|iPhone.Deploy.0 = Release|iPhone
		{CAA7FDB6-0E92-406F-9EBD-37BC97050EDB}.Release|iPhoneSimulator.ActiveCfg = Release|iPhoneSimulator
		{CAA7FDB6-0E92-406F-9EBD-37BC97050EDB}.Release|iPhoneSimulator.Build.0 = Release|iPhoneSimulator
		{CAA7FDB6-0E92-406F-9EBD-37BC97050EDB}.Release|iPhoneSimulator.Deploy.0 = Release|iPhoneSimulator
		{E1B1DB36-EF1C-41D8-9865-2998D85ADF2D}.Debug|Any CPU.ActiveCfg = Debug|Any CPU
		{E1B1DB36-EF1C-41D8-9865-2998D85ADF2D}.Debug|Any CPU.Build.0 = Debug|Any CPU
		{E1B1DB36-EF1C-41D8-9865-2998D85ADF2D}.Debug|Any CPU.Deploy.0 = Debug|Any CPU
		{E1B1DB36-EF1C-41D8-9865-2998D85ADF2D}.Debug|iPhone.ActiveCfg = Debug|Any CPU
		{E1B1DB36-EF1C-41D8-9865-2998D85ADF2D}.Debug|iPhone.Build.0 = Debug|Any CPU
		{E1B1DB36-EF1C-41D8-9865-2998D85ADF2D}.Debug|iPhone.Deploy.0 = Debug|Any CPU
		{E1B1DB36-EF1C-41D8-9865-2998D85ADF2D}.Debug|iPhoneSimulator.ActiveCfg = Debug|Any CPU
		{E1B1DB36-EF1C-41D8-9865-2998D85ADF2D}.Debug|iPhoneSimulator.Build.0 = Debug|Any CPU
		{E1B1DB36-EF1C-41D8-9865-2998D85ADF2D}.Debug|iPhoneSimulator.Deploy.0 = Debug|Any CPU
		{E1B1DB36-EF1C-41D8-9865-2998D85ADF2D}.Release|Any CPU.ActiveCfg = Release|Any CPU
		{E1B1DB36-EF1C-41D8-9865-2998D85ADF2D}.Release|Any CPU.Build.0 = Release|Any CPU
		{E1B1DB36-EF1C-41D8-9865-2998D85ADF2D}.Release|Any CPU.Deploy.0 = Release|Any CPU
		{E1B1DB36-EF1C-41D8-9865-2998D85ADF2D}.Release|iPhone.ActiveCfg = Release|Any CPU
		{E1B1DB36-EF1C-41D8-9865-2998D85ADF2D}.Release|iPhone.Build.0 = Release|Any CPU
		{E1B1DB36-EF1C-41D8-9865-2998D85ADF2D}.Release|iPhone.Deploy.0 = Release|Any CPU
		{E1B1DB36-EF1C-41D8-9865-2998D85ADF2D}.Release|iPhoneSimulator.ActiveCfg = Release|Any CPU
		{E1B1DB36-EF1C-41D8-9865-2998D85ADF2D}.Release|iPhoneSimulator.Build.0 = Release|Any CPU
		{E1B1DB36-EF1C-41D8-9865-2998D85ADF2D}.Release|iPhoneSimulator.Deploy.0 = Release|Any CPU
	EndGlobalSection
	GlobalSection(SolutionProperties) = preSolution
		HideSolutionNode = FALSE
	EndGlobalSection
	GlobalSection(ExtensibilityGlobals) = postSolution
		SolutionGuid = {78C0FE8C-2A60-431A-A84F-CA7D7DC6F750}
	EndGlobalSection
EndGlobal
